
Microsoft Visual Studio Solution File, Format Version 12.00
# Visual Studio Version 16
VisualStudioVersion = 16.0.31702.278
MinimumVisualStudioVersion = 10.0.40219.1
Project("{FAE04EC0-301F-11D3-BF4B-00C04F79EFBC}") = "BeAble_FormsApp", "BeAble_FormsApp\BeAble_FormsApp.csproj", "{0E73339D-F204-43D7-9056-3C783CDB47B2}"
EndProject
Global
	GlobalSection(SolutionConfigurationPlatforms) = preSolution
		Debug|Any CPU = Debug|Any CPU
		Release|Any CPU = Release|Any CPU
	EndGlobalSection
	GlobalSection(ProjectConfigurationPlatforms) = postSolution
		{0E73339D-F204-43D7-9056-3C783CDB47B2}.Debug|Any CPU.ActiveCfg = Debug|Any CPU
		{0E73339D-F204-43D7-9056-3C783CDB47B2}.Debug|Any CPU.Build.0 = Debug|Any CPU
		{0E73339D-F204-43D7-9056-3C783CDB47B2}.Release|Any CPU.ActiveCfg = Release|Any CPU
		{0E73339D-F204-43D7-9056-3C783CDB47B2}.Release|Any CPU.Build.0 = Release|Any CPU
	EndGlobalSection
	GlobalSection(SolutionProperties) = preSolution
		HideSolutionNode = FALSE
	EndGlobalSection
	GlobalSection(ExtensibilityGlobals) = postSolution
		SolutionGuid = {910E6BC1-FCC4-4A41-8E27-77DD7430291C}
	EndGlobalSection
EndGlobal
